
Microsoft Visual Studio Solution File, Format Version 12.00
# Visual Studio Version 16
VisualStudioVersion = 16.0.30804.86
MinimumVisualStudioVersion = 10.0.40219.1
Project("{FAE04EC0-301F-11D3-BF4B-00C04F79EFBC}") = "hexedit", "hexedit.csproj", "{61F9EBDC-EACA-4ACD-B53B-8A194D5BEEDF}"
EndProject
Global
	GlobalSection(SolutionConfigurationPlatforms) = preSolution
		Debug|Any CPU = Debug|Any CPU
		Release|Any CPU = Release|Any CPU
	EndGlobalSection
	GlobalSection(ProjectConfigurationPlatforms) = postSolution
		{61F9EBDC-EACA-4ACD-B53B-8A194D5BEEDF}.Debug|Any CPU.ActiveCfg = Debug|Any CPU
		{61F9EBDC-EACA-4ACD-B53B-8A194D5BEEDF}.Debug|Any CPU.Build.0 = Debug|Any CPU
		{61F9EBDC-EACA-4ACD-B53B-8A194D5BEEDF}.Release|Any CPU.ActiveCfg = Release|Any CPU
		{61F9EBDC-EACA-4ACD-B53B-8A194D5BEEDF}.Release|Any CPU.Build.0 = Release|Any CPU
	EndGlobalSection
	GlobalSection(SolutionProperties) = preSolution
		HideSolutionNode = FALSE
	EndGlobalSection
	GlobalSection(ExtensibilityGlobals) = postSolution
		SolutionGuid = {8C753FF8-C02B-472C-8076-94D0E5E9E797}
	EndGlobalSection
EndGlobal
